
Microsoft Visual Studio Solution File, Format Version 12.00
# Visual Studio Version 16
VisualStudioVersion = 16.0.30002.166
MinimumVisualStudioVersion = 10.0.40219.1
Project("{FAE04EC0-301F-11D3-BF4B-00C04F79EFBC}") = "GomokuEpam", "GomokuEpam\GomokuEpam.csproj", "{F4818DB1-82B4-472A-A041-3AB361CF989B}"
EndProject
Global
	GlobalSection(SolutionConfigurationPlatforms) = preSolution
		Debug|Any CPU = Debug|Any CPU
		Release|Any CPU = Release|Any CPU
	EndGlobalSection
	GlobalSection(ProjectConfigurationPlatforms) = postSolution
		{F4818DB1-82B4-472A-A041-3AB361CF989B}.Debug|Any CPU.ActiveCfg = Debug|Any CPU
		{F4818DB1-82B4-472A-A041-3AB361CF989B}.Debug|Any CPU.Build.0 = Debug|Any CPU
		{F4818DB1-82B4-472A-A041-3AB361CF989B}.Release|Any CPU.ActiveCfg = Release|Any CPU
		{F4818DB1-82B4-472A-A041-3AB361CF989B}.Release|Any CPU.Build.0 = Release|Any CPU
	EndGlobalSection
	GlobalSection(SolutionProperties) = preSolution
		HideSolutionNode = FALSE
	EndGlobalSection
	GlobalSection(ExtensibilityGlobals) = postSolution
		SolutionGuid = {491AA749-38BB-48A6-832D-A1F8CA3A8060}
	EndGlobalSection
EndGlobal
